{
	"name": "ts-e2e",
	"version": "1.0.0",
	"lockfileVersion": 1,
	"requires": true,
	"dependencies": {
		"azure-iothub": {
			"version": "1.12.0",
			"resolved": "https://registry.npmjs.org/azure-iothub/-/azure-iothub-1.12.0.tgz",
			"integrity": "sha512-inJ0UZjncgWIy8RFi3NzOVeo4fxzhr2e8CVVptl1rHfDpwZaLi4rIJvAJveKL4IZL+BnQ6Bsxs4HVXvFrrXTWQ==",
			"requires": {
				"async": "^2.6.2",
				"azure-iot-amqp-base": "2.4.0",
				"azure-iot-common": "1.12.0",
				"azure-iot-http-base": "1.11.0",
				"debug": "^4.1.1",
				"lodash": "^4.17.15",
				"machina": "^4.0.2",
				"rhea": "^1.0.15"
			},
			"dependencies": {
				"async": {
					"version": "2.6.3",
					"resolved": "https://registry.npmjs.org/async/-/async-2.6.3.tgz",
					"integrity": "sha512-zflvls11DCy+dQWzTW2dzuilv8Z5X/pjfmZOWba6TNIVDm+2UDaJmXSOXlasHKfNBs8oo3M0aT50fDEWfKZjXg==",
					"requires": {
						"lodash": "^4.17.14"
					}
				},
				"async-limiter": {
					"version": "1.0.1",
					"resolved": "https://registry.npmjs.org/async-limiter/-/async-limiter-1.0.1.tgz",
					"integrity": "sha512-csOlWGAcRFJaI6m+F2WKdnMKr4HhdhFVBk0H/QbJFMCr+uO2kwohwXQPxw/9OCxp05r5ghVBFSyioixx3gfkNQ=="
				},
				"azure-iot-amqp-base": {
					"version": "2.4.0",
					"resolved": "https://registry.npmjs.org/azure-iot-amqp-base/-/azure-iot-amqp-base-2.4.0.tgz",
					"integrity": "sha512-aX4vqw4EYnTKRFSC6XLNkqMnHLc3k5QfA3vi2WI/iJzkoI6WmP83JPI7EO0KdzNSJWx4x8V2fOl+wQ0ppMrCmg==",
					"requires": {
						"async": "^2.6.2",
						"azure-iot-common": "1.12.0",
						"debug": "^4.1.1",
						"lodash.merge": "^4.6.1",
						"machina": "^4.0.2",
						"rhea": "^1.0.15",
						"uuid": "^3.3.2",
						"ws": "^6.0.0"
					}
				},
				"azure-iot-common": {
					"version": "1.12.0",
					"resolved": "https://registry.npmjs.org/azure-iot-common/-/azure-iot-common-1.12.0.tgz",
					"integrity": "sha512-QS4KddiNiDfTO+2MUsuVXIOZPH42GbcnCimHH1DPNPhHiE5LtidzDuXHZL6GavBsFC1DUHZygwXq+aZIdzy2LA==",
					"requires": {
						"debug": "^4.1.1",
						"getos": "^3.1.1"
					}
				},
				"azure-iot-http-base": {
					"version": "1.11.0",
					"resolved": "https://registry.npmjs.org/azure-iot-http-base/-/azure-iot-http-base-1.11.0.tgz",
					"integrity": "sha512-yS+NRXTzkHkQIv3NE3OgF7Om0V2Cg33stKSCE7xLenz6n/tOh0PO73ofDJKnLe2vFuI5lFYIUznsaYANQmAjvg==",
					"requires": {
						"azure-iot-common": "1.12.0",
						"debug": "^4.1.1",
						"uuid": "^3.3.2"
					}
				},
				"debug": {
					"version": "4.1.1",
					"resolved": "https://registry.npmjs.org/debug/-/debug-4.1.1.tgz",
					"integrity": "sha512-pYAIzeRo8J6KPEaJ0VWOh5Pzkbw/RetuzehGM7QRRX5he4fPHx2rdKMB256ehJCkX+XRQm16eZLqLNS8RSZXZw==",
					"requires": {
						"ms": "^2.1.1"
					}
				},
				"getos": {
					"version": "3.2.1",
					"resolved": "https://registry.npmjs.org/getos/-/getos-3.2.1.tgz",
					"integrity": "sha512-U56CfOK17OKgTVqozZjUKNdkfEv6jk5WISBJ8SHoagjE6L69zOwl3Z+O8myjY9MEW3i2HPWQBt/LTbCgcC973Q==",
					"requires": {
						"async": "^3.2.0"
					},
					"dependencies": {
						"async": {
							"version": "3.2.0",
							"resolved": "https://registry.npmjs.org/async/-/async-3.2.0.tgz",
							"integrity": "sha512-TR2mEZFVOj2pLStYxLht7TyfuRzaydfpxr3k9RpHIzMgw7A64dzsdqCxH1WJyQdoe8T10nDXd9wnEigmiuHIZw=="
						}
					}
				},
				"lodash": {
					"version": "4.17.19",
					"resolved": "https://registry.npmjs.org/lodash/-/lodash-4.17.19.tgz",
					"integrity": "sha512-JNvd8XER9GQX0v2qJgsaN/mzFCNA5BRe/j8JN9d+tWyGLSodKQHKFicdwNYzWwI3wjRnaKPsGj1XkBjx/F96DQ=="
				},
				"lodash.merge": {
					"version": "4.6.2",
					"resolved": "https://registry.npmjs.org/lodash.merge/-/lodash.merge-4.6.2.tgz",
					"integrity": "sha512-0KpjqXRVvrYyCsX1swR/XTK0va6VQkQM6MNo7PqW77ByjAhoARA8EfrP1N4+KlKj8YS0ZUCtRT/YUuhyYDujIQ=="
				},
				"machina": {
					"version": "4.0.2",
					"resolved": "https://registry.npmjs.org/machina/-/machina-4.0.2.tgz",
					"integrity": "sha512-OOlFrW1rd783S6tF36v5Ie/TM64gfvSl9kYLWL2cPA31J71HHWW3XrgSe1BZSFAPkh8532CMJMLv/s9L2aopiA==",
					"requires": {
						"lodash": "^4.17.5"
					}
				},
				"ms": {
					"version": "2.1.2",
					"resolved": "https://registry.npmjs.org/ms/-/ms-2.1.2.tgz",
					"integrity": "sha512-sGkPx+VjMtmA6MX27oA4FBFELFCZZ4S4XqeGOXCv68tT+jb3vk/RyaKWP0PTKyWtmLSM0b+adUTEvbs1PEaH2w=="
				},
				"rhea": {
					"version": "1.0.23",
					"resolved": "https://registry.npmjs.org/rhea/-/rhea-1.0.23.tgz",
					"integrity": "sha512-c6xocb+x3uqcC30WDbbIQzeLuc0KNellSNWIzjUDC1WzlM/BwWnsVukDIP89+aqJ0MYAwly/B+ozGwdrF+EBrw==",
					"requires": {
						"debug": "0.8.0 - 3.5.0"
					},
					"dependencies": {
						"debug": {
							"version": "3.2.6",
							"resolved": "https://registry.npmjs.org/debug/-/debug-3.2.6.tgz",
							"integrity": "sha512-mel+jf7nrtEl5Pn1Qx46zARXKDpBbvzezse7p7LqINmdoIk8PYP5SySaxEmYv6TZ0JyEKA1hsCId6DIhgITtWQ==",
							"requires": {
								"ms": "^2.1.1"
							}
						}
					}
				},
				"uuid": {
					"version": "3.4.0",
					"resolved": "https://registry.npmjs.org/uuid/-/uuid-3.4.0.tgz",
					"integrity": "sha512-HjSDRw6gZE5JMggctHBcjVak08+KEVhSIiDzFnT9S9aegmp85S/bReBVTb4QTFaRNptJ9kuYaNhnbNEOkbKb/A=="
				},
				"ws": {
					"version": "6.2.1",
					"resolved": "https://registry.npmjs.org/ws/-/ws-6.2.1.tgz",
					"integrity": "sha512-GIyAXC2cB7LjvpgMt9EKS2ldqr0MTrORaleiOno6TweZ6r3TKtoFQWay/2PceJ3RuBasOHzXNn5Lrw1X0bEjqA==",
					"requires": {
						"async-limiter": "~1.0.0"
					}
				}
			}
		}
	}
}
