{
  "name": "azure-iot-device",
  "version": "1.12.1",
  "lockfileVersion": 1,
  "requires": true,
  "dependencies": {
    "@azure/storage-blob": {
      "version": "12.0.1",
      "resolved": "https://registry.npmjs.org/@azure/storage-blob/-/storage-blob-12.0.1.tgz",
      "integrity": "sha512-NxMpOnN2jmWXgCZJqlGLuN5axXpi379PmVuCXWX6WLDwoY/jSJ1WOwWbS9h0Lgs/Lnd7rPrIijJEwUNQeGEtFw==",
      "requires": {
        "@azure/abort-controller": "^1.0.0",
        "@azure/core-http": "^1.0.0",
        "@azure/core-lro": "^1.0.0",
        "@azure/core-paging": "^1.0.0",
        "@azure/core-tracing": "1.0.0-preview.7",
        "@azure/logger": "^1.0.0",
        "@opentelemetry/types": "^0.2.0",
        "events": "^3.0.0",
        "tslib": "^1.9.3"
      },
      "dependencies": {
        "@azure/abort-controller": {
          "version": "1.0.1",
          "resolved": "https://registry.npmjs.org/@azure/abort-controller/-/abort-controller-1.0.1.tgz",
          "integrity": "sha512-wP2Jw6uPp8DEDy0n4KNidvwzDjyVV2xnycEIq7nPzj1rHyb/r+t3OPeNT1INZePP2wy5ZqlwyuyOMTi0ePyY1A==",
          "requires": {
            "tslib": "^1.9.3"
          }
        },
        "@azure/core-asynciterator-polyfill": {
          "version": "1.0.0",
          "resolved": "https://registry.npmjs.org/@azure/core-asynciterator-polyfill/-/core-asynciterator-polyfill-1.0.0.tgz",
          "integrity": "sha512-kmv8CGrPfN9SwMwrkiBK9VTQYxdFQEGe0BmQk+M8io56P9KNzpAxcWE/1fxJj7uouwN4kXF0BHW8DNlgx+wtCg=="
        },
        "@azure/core-auth": {
          "version": "1.0.2",
          "resolved": "https://registry.npmjs.org/@azure/core-auth/-/core-auth-1.0.2.tgz",
          "integrity": "sha512-zhPJObdrhz2ymIqGL1x8i3meEuaLz0UPjH9mOq9RGOlJB2Pb6K6xPtkHbRsfElgoO9USR4hH2XU5pLa4/JHHIw==",
          "requires": {
            "@azure/abort-controller": "^1.0.0",
            "@azure/core-tracing": "1.0.0-preview.7",
            "@opentelemetry/types": "^0.2.0",
            "tslib": "^1.9.3"
          }
        },
        "@azure/core-http": {
          "version": "1.0.3",
          "resolved": "https://registry.npmjs.org/@azure/core-http/-/core-http-1.0.3.tgz",
          "integrity": "sha512-hmsalo2i1noF5LMwNBNymJnf210ha7Rh6x+BQBBcb+wUZI5hVGRbaRgHzqpJiH8FmfJrDuKZI+S7i2rILUBJTg==",
          "requires": {
            "@azure/abort-controller": "^1.0.0",
            "@azure/core-auth": "^1.0.0",
            "@azure/core-tracing": "1.0.0-preview.7",
            "@azure/logger": "^1.0.0",
            "@opentelemetry/types": "^0.2.0",
            "@types/node-fetch": "^2.5.0",
            "@types/tunnel": "^0.0.1",
            "form-data": "^3.0.0",
            "node-fetch": "^2.6.0",
            "process": "^0.11.10",
            "tough-cookie": "^3.0.1",
            "tslib": "^1.10.0",
            "tunnel": "^0.0.6",
            "uuid": "^3.3.2",
            "xml2js": "^0.4.19"
          }
        },
        "@azure/core-lro": {
          "version": "1.0.0",
          "resolved": "https://registry.npmjs.org/@azure/core-lro/-/core-lro-1.0.0.tgz",
          "integrity": "sha512-l4abIb8S9qmlv3bJkonLvgGSVQcSXq5jByA7Z28GRGJaQN/mSFal9YQOuLvVag+JXQJsoftuxJFrZiggF2TwOg==",
          "requires": {
            "@azure/abort-controller": "^1.0.0",
            "@azure/core-http": "^1.0.0",
            "events": "^3.0.0",
            "tslib": "^1.9.3"
          }
        },
        "@azure/core-paging": {
          "version": "1.0.0",
          "resolved": "https://registry.npmjs.org/@azure/core-paging/-/core-paging-1.0.0.tgz",
          "integrity": "sha512-CzaT7LwxU97PZ+/Pn7uAbNGXY2mJ/3b56kmLsZzbR9stfrNfzlILxR94WHG/D1jZEQOk4lUNiaqJ2zP7nSGJhA==",
          "requires": {
            "@azure/core-asynciterator-polyfill": "^1.0.0"
          }
        },
        "@azure/core-tracing": {
          "version": "1.0.0-preview.7",
          "resolved": "https://registry.npmjs.org/@azure/core-tracing/-/core-tracing-1.0.0-preview.7.tgz",
          "integrity": "sha512-pkFCw6OiJrpR+aH1VQe6DYm3fK2KWCC5Jf3m/Pv1RxF08M1Xm08RCyQ5Qe0YyW5L16yYT2nnV48krVhYZ6SGFA==",
          "requires": {
            "@opencensus/web-types": "0.0.7",
            "@opentelemetry/types": "^0.2.0",
            "tslib": "^1.9.3"
          }
        },
        "@azure/logger": {
          "version": "1.0.0",
          "resolved": "https://registry.npmjs.org/@azure/logger/-/logger-1.0.0.tgz",
          "integrity": "sha512-g2qLDgvmhyIxR3JVS8N67CyIOeFRKQlX/llxYJQr1OSGQqM3HTpVP8MjmjcEKbL/OIt2N9C9UFaNQuKOw1laOA==",
          "requires": {
            "tslib": "^1.9.3"
          }
        },
        "@opencensus/web-types": {
          "version": "0.0.7",
          "resolved": "https://registry.npmjs.org/@opencensus/web-types/-/web-types-0.0.7.tgz",
          "integrity": "sha512-xB+w7ZDAu3YBzqH44rCmG9/RlrOmFuDPt/bpf17eJr8eZSrLt7nc7LnWdxM9Mmoj/YKMHpxRg28txu3TcpiL+g=="
        },
        "@opentelemetry/types": {
          "version": "0.2.0",
          "resolved": "https://registry.npmjs.org/@opentelemetry/types/-/types-0.2.0.tgz",
          "integrity": "sha512-GtwNB6BNDdsIPAYEdpp3JnOGO/3AJxjPvny53s3HERBdXSJTGQw8IRhiaTEX0b3w9P8+FwFZde4k+qkjn67aVw=="
        },
        "@types/node": {
          "version": "13.1.5",
          "resolved": "https://registry.npmjs.org/@types/node/-/node-13.1.5.tgz",
          "integrity": "sha512-wupvfmtbqRJzjCm1H2diy7wo31Gn1OzvqoxCfQuKM9eSecogzP0WTlrjdq7cf7jgSO2ZX6hxwgRPR8Wt7FA22g=="
        },
        "@types/node-fetch": {
          "version": "2.5.4",
          "resolved": "https://registry.npmjs.org/@types/node-fetch/-/node-fetch-2.5.4.tgz",
          "integrity": "sha512-Oz6id++2qAOFuOlE1j0ouk1dzl3mmI1+qINPNBhi9nt/gVOz0G+13Ao6qjhdF0Ys+eOkhu6JnFmt38bR3H0POQ==",
          "requires": {
            "@types/node": "*"
          }
        },
        "@types/tunnel": {
          "version": "0.0.1",
          "resolved": "https://registry.npmjs.org/@types/tunnel/-/tunnel-0.0.1.tgz",
          "integrity": "sha512-AOqu6bQu5MSWwYvehMXLukFHnupHrpZ8nvgae5Ggie9UwzDR1CCwoXgSSWNZJuyOlCdfdsWMA5F2LlmvyoTv8A==",
          "requires": {
            "@types/node": "*"
          }
        },
        "asynckit": {
          "version": "0.4.0",
          "resolved": "https://registry.npmjs.org/asynckit/-/asynckit-0.4.0.tgz",
          "integrity": "sha1-x57Zf380y48robyXkLzDZkdLS3k="
        },
        "combined-stream": {
          "version": "1.0.8",
          "resolved": "https://registry.npmjs.org/combined-stream/-/combined-stream-1.0.8.tgz",
          "integrity": "sha512-FQN4MRfuJeHf7cBbBMJFXhKSDq+2kAArBlmRBvcvFE5BB1HZKXtSFASDhdlz9zOYwxh8lDdnvmMOe/+5cdoEdg==",
          "requires": {
            "delayed-stream": "~1.0.0"
          }
        },
        "delayed-stream": {
          "version": "1.0.0",
          "resolved": "https://registry.npmjs.org/delayed-stream/-/delayed-stream-1.0.0.tgz",
          "integrity": "sha1-3zrhmayt+31ECqrgsp4icrJOxhk="
        },
        "events": {
          "version": "3.1.0",
          "resolved": "https://registry.npmjs.org/events/-/events-3.1.0.tgz",
          "integrity": "sha512-Rv+u8MLHNOdMjTAFeT3nCjHn2aGlx435FP/sDHNaRhDEMwyI/aB22Kj2qIN8R0cw3z28psEQLYwxVKLsKrMgWg=="
        },
        "form-data": {
          "version": "3.0.0",
          "resolved": "https://registry.npmjs.org/form-data/-/form-data-3.0.0.tgz",
          "integrity": "sha512-CKMFDglpbMi6PyN+brwB9Q/GOw0eAnsrEZDgcsH5Krhz5Od/haKHAX0NmQfha2zPPz0JpWzA7GJHGSnvCRLWsg==",
          "requires": {
            "asynckit": "^0.4.0",
            "combined-stream": "^1.0.8",
            "mime-types": "^2.1.12"
          }
        },
        "ip-regex": {
          "version": "2.1.0",
          "resolved": "https://registry.npmjs.org/ip-regex/-/ip-regex-2.1.0.tgz",
          "integrity": "sha1-+ni/XS5pE8kRzp+BnuUUa7bYROk="
        },
        "mime-db": {
          "version": "1.43.0",
          "resolved": "https://registry.npmjs.org/mime-db/-/mime-db-1.43.0.tgz",
          "integrity": "sha512-+5dsGEEovYbT8UY9yD7eE4XTc4UwJ1jBYlgaQQF38ENsKR3wj/8q8RFZrF9WIZpB2V1ArTVFUva8sAul1NzRzQ=="
        },
        "mime-types": {
          "version": "2.1.26",
          "resolved": "https://registry.npmjs.org/mime-types/-/mime-types-2.1.26.tgz",
          "integrity": "sha512-01paPWYgLrkqAyrlDorC1uDwl2p3qZT7yl806vW7DvDoxwXi46jsjFbg+WdwotBIk6/MbEhO/dh5aZ5sNj/dWQ==",
          "requires": {
            "mime-db": "1.43.0"
          }
        },
        "node-fetch": {
          "version": "2.6.0",
          "resolved": "https://registry.npmjs.org/node-fetch/-/node-fetch-2.6.0.tgz",
          "integrity": "sha512-8dG4H5ujfvFiqDmVu9fQ5bOHUC15JMjMY/Zumv26oOvvVJjM67KF8koCWIabKQ1GJIa9r2mMZscBq/TbdOcmNA=="
        },
        "process": {
          "version": "0.11.10",
          "resolved": "https://registry.npmjs.org/process/-/process-0.11.10.tgz",
          "integrity": "sha1-czIwDoQBYb2j5podHZGn1LwW8YI="
        },
        "psl": {
          "version": "1.7.0",
          "resolved": "https://registry.npmjs.org/psl/-/psl-1.7.0.tgz",
          "integrity": "sha512-5NsSEDv8zY70ScRnOTn7bK7eanl2MvFrOrS/R6x+dBt5g1ghnj9Zv90kO8GwT8gxcu2ANyFprnFYB85IogIJOQ=="
        },
        "punycode": {
          "version": "2.1.1",
          "resolved": "https://registry.npmjs.org/punycode/-/punycode-2.1.1.tgz",
          "integrity": "sha512-XRsRjdf+j5ml+y/6GKHPZbrF/8p2Yga0JPtdqTIY2Xe5ohJPD9saDJJLPvp9+NSBprVvevdXZybnj2cv8OEd0A=="
        },
        "sax": {
          "version": "1.2.4",
          "resolved": "https://registry.npmjs.org/sax/-/sax-1.2.4.tgz",
          "integrity": "sha512-NqVDv9TpANUjFm0N8uM5GxL36UgKi9/atZw+x7YFnQ8ckwFGKrl4xX4yWtrey3UJm5nP1kUbnYgLopqWNSRhWw=="
        },
        "tough-cookie": {
          "version": "3.0.1",
          "resolved": "https://registry.npmjs.org/tough-cookie/-/tough-cookie-3.0.1.tgz",
          "integrity": "sha512-yQyJ0u4pZsv9D4clxO69OEjLWYw+jbgspjTue4lTQZLfV0c5l1VmK2y1JK8E9ahdpltPOaAThPcp5nKPUgSnsg==",
          "requires": {
            "ip-regex": "^2.1.0",
            "psl": "^1.1.28",
            "punycode": "^2.1.1"
          }
        },
        "tslib": {
          "version": "1.10.0",
          "resolved": "https://registry.npmjs.org/tslib/-/tslib-1.10.0.tgz",
          "integrity": "sha512-qOebF53frne81cf0S9B41ByenJ3/IuH8yJKngAX35CmiZySA0khhkovshKK+jGCaMnVomla7gVlIcc3EvKPbTQ=="
        },
        "tunnel": {
          "version": "0.0.6",
          "resolved": "https://registry.npmjs.org/tunnel/-/tunnel-0.0.6.tgz",
          "integrity": "sha512-1h/Lnq9yajKY2PEbBadPXj3VxsDDu844OnaAo52UVmIzIvwwtBPIuNvkjuzBlTWpfJyUbG3ez0KSBibQkj4ojg=="
        },
        "uuid": {
          "version": "3.3.3",
          "resolved": "https://registry.npmjs.org/uuid/-/uuid-3.3.3.tgz",
          "integrity": "sha512-pW0No1RGHgzlpHJO1nsVrHKpOEIxkGg1xB+v0ZmdNH5OAeAwzAVrCnI2/6Mtx+Uys6iaylxa+D3g4j63IKKjSQ=="
        },
        "xml2js": {
          "version": "0.4.23",
          "resolved": "https://registry.npmjs.org/xml2js/-/xml2js-0.4.23.tgz",
          "integrity": "sha512-ySPiMjM0+pLDftHgXY4By0uswI3SPKLDw/i3UXbnO8M/p28zqexCUoPmQFrYD+/1BzhGJSs2i1ERWKJAtiLrug==",
          "requires": {
            "sax": ">=0.6.0",
            "xmlbuilder": "~11.0.0"
          }
        },
        "xmlbuilder": {
          "version": "11.0.1",
          "resolved": "https://registry.npmjs.org/xmlbuilder/-/xmlbuilder-11.0.1.tgz",
          "integrity": "sha512-fDlsI/kFEx7gLvbecc0/ohLG50fugQp8ryHzMTuW9vSa1GJ0XYWKnhsUx7oie3G98+r56aTQIUB4kht42R3JvA=="
        }
      }
    }
  }
}
