{
  "name": "azure-iot-device",
  "version": "1.12.0-preview.2",
  "lockfileVersion": 1,
  "requires": true,
  "dependencies": {
    "@types/traverse": {
      "version": "0.6.32",
      "resolved": "https://registry.npmjs.org/@types/traverse/-/traverse-0.6.32.tgz",
      "integrity": "sha512-RBz2uRZVCXuMg93WD//aTS5B120QlT4lR/gL+935QtGsKHLS6sCtZBaKfWjIfk7ZXv/r8mtGbwjVIee6/3XTow==",
      "dev": true
    }
  }
}
