{
  "name": "azure-iothub",
  "version": "1.12.3",
  "lockfileVersion": 1,
  "requires": true,
  "dependencies": {
    "typescript": {
      "version": "2.9.2",
      "resolved": "https://registry.npmjs.org/typescript/-/typescript-2.9.2.tgz",
      "integrity": "sha1-HL9h0F1rliaSROtqO85L2RTg8Aw=",
      "dev": true
    }
  }
}
