{
  "name": "azure-iot-amqp-base",
  "version": "2.4.13",
  "lockfileVersion": 1,
  "requires": true,
  "dependencies": {
    "@types/async": {
      "version": "2.4.2",
      "resolved": "https://registry.npmjs.org/@types/async/-/async-2.4.2.tgz",
      "integrity": "sha512-bWBbC7VG2jdjbgZMX0qpds8U/3h3anfIqE81L8jmVrgFZw/urEDnBA78ymGGKTTK6ciBXmmJ/xlok+Re41S8ww==",
      "dev": true
    }
  }
}
