{
	"name": "longhaultests",
	"version": "0.0.1",
	"lockfileVersion": 1,
	"requires": true,
	"dependencies": {
		"@types/uuid": {
			"version": "3.4.6",
			"resolved": "https://registry.npmjs.org/@types/uuid/-/uuid-3.4.6.tgz",
			"integrity": "sha512-cCdlC/1kGEZdEglzOieLDYBxHsvEOIg7kp/2FYyVR9Pxakq+Qf/inL3RKQ+PA8gOlI/NnL+fXmQH12nwcGzsHw==",
			"dev": true,
			"requires": {
				"@types/node": "*"
			},
			"dependencies": {
				"@types/node": {
					"version": "12.12.6",
					"resolved": "https://registry.npmjs.org/@types/node/-/node-12.12.6.tgz",
					"integrity": "sha512-FjsYUPzEJdGXjwKqSpE0/9QEh6kzhTAeObA54rn6j3rR4C/mzpI9L0KNfoeASSPMMdxIsoJuCLDWcM/rVjIsSA==",
					"dev": true
				}
			}
		}
	}
}
